
Microsoft Visual Studio Solution File, Format Version 12.00
# Visual Studio Version 16
VisualStudioVersion = 16.0.30517.126
MinimumVisualStudioVersion = 10.0.40219.1
Project("{FAE04EC0-301F-11D3-BF4B-00C04F79EFBC}") = "WebApiAutenticacion", "WebApiAutenticacion\WebApiAutenticacion.csproj", "{76B256CC-AED7-4589-B800-CF70C72FB518}"
EndProject
Global
	GlobalSection(SolutionConfigurationPlatforms) = preSolution
		Debug|Any CPU = Debug|Any CPU
		Release|Any CPU = Release|Any CPU
	EndGlobalSection
	GlobalSection(ProjectConfigurationPlatforms) = postSolution
		{76B256CC-AED7-4589-B800-CF70C72FB518}.Debug|Any CPU.ActiveCfg = Debug|Any CPU
		{76B256CC-AED7-4589-B800-CF70C72FB518}.Debug|Any CPU.Build.0 = Debug|Any CPU
		{76B256CC-AED7-4589-B800-CF70C72FB518}.Release|Any CPU.ActiveCfg = Release|Any CPU
		{76B256CC-AED7-4589-B800-CF70C72FB518}.Release|Any CPU.Build.0 = Release|Any CPU
	EndGlobalSection
	GlobalSection(SolutionProperties) = preSolution
		HideSolutionNode = FALSE
	EndGlobalSection
	GlobalSection(ExtensibilityGlobals) = postSolution
		SolutionGuid = {318E502C-42C6-4272-B651-06C7ED2848A0}
	EndGlobalSection
EndGlobal
